
Microsoft Visual Studio Solution File, Format Version 12.00
# Visual Studio Version 17
VisualStudioVersion = 17.0.32112.339
MinimumVisualStudioVersion = 10.0.40219.1
Project("{9A19103F-16F7-4668-BE54-9A1E7A4F7556}") = "CityInformation.API", "CityInformation.API\CityInformation.API.csproj", "{E9051467-6336-4514-86FC-DBA4625F1D6E}"
EndProject
Project("{FAE04EC0-301F-11D3-BF4B-00C04F79EFBC}") = "CityInformation.API.Tests", "CityInformation.API.Tests\CityInformation.API.Tests.csproj", "{05C5B9D3-C5C5-44FA-8E16-A9CB60B09F1F}"
EndProject
Global
	GlobalSection(SolutionConfigurationPlatforms) = preSolution
		Debug|Any CPU = Debug|Any CPU
		Release|Any CPU = Release|Any CPU
	EndGlobalSection
	GlobalSection(ProjectConfigurationPlatforms) = postSolution
		{E9051467-6336-4514-86FC-DBA4625F1D6E}.Debug|Any CPU.ActiveCfg = Debug|Any CPU
		{E9051467-6336-4514-86FC-DBA4625F1D6E}.Debug|Any CPU.Build.0 = Debug|Any CPU
		{E9051467-6336-4514-86FC-DBA4625F1D6E}.Release|Any CPU.ActiveCfg = Release|Any CPU
		{E9051467-6336-4514-86FC-DBA4625F1D6E}.Release|Any CPU.Build.0 = Release|Any CPU
		{05C5B9D3-C5C5-44FA-8E16-A9CB60B09F1F}.Debug|Any CPU.ActiveCfg = Debug|Any CPU
		{05C5B9D3-C5C5-44FA-8E16-A9CB60B09F1F}.Debug|Any CPU.Build.0 = Debug|Any CPU
		{05C5B9D3-C5C5-44FA-8E16-A9CB60B09F1F}.Release|Any CPU.ActiveCfg = Release|Any CPU
		{05C5B9D3-C5C5-44FA-8E16-A9CB60B09F1F}.Release|Any CPU.Build.0 = Release|Any CPU
	EndGlobalSection
	GlobalSection(SolutionProperties) = preSolution
		HideSolutionNode = FALSE
	EndGlobalSection
	GlobalSection(ExtensibilityGlobals) = postSolution
		SolutionGuid = {C7146B91-1D77-4D8D-91BB-A008E8C3D3BE}
	EndGlobalSection
EndGlobal
